
Microsoft Visual Studio Solution File, Format Version 12.00
# Visual Studio Version 16
VisualStudioVersion = 16.0.31205.134
MinimumVisualStudioVersion = 10.0.40219.1
Project("{FAE04EC0-301F-11D3-BF4B-00C04F79EFBC}") = "koordinatGirme", "koordinatGirme\koordinatGirme.csproj", "{F68F0937-1E5D-47A1-B54D-94F1E63CD1E2}"
EndProject
Global
	GlobalSection(SolutionConfigurationPlatforms) = preSolution
		Debug|Any CPU = Debug|Any CPU
		Release|Any CPU = Release|Any CPU
	EndGlobalSection
	GlobalSection(ProjectConfigurationPlatforms) = postSolution
		{F68F0937-1E5D-47A1-B54D-94F1E63CD1E2}.Debug|Any CPU.ActiveCfg = Debug|Any CPU
		{F68F0937-1E5D-47A1-B54D-94F1E63CD1E2}.Debug|Any CPU.Build.0 = Debug|Any CPU
		{F68F0937-1E5D-47A1-B54D-94F1E63CD1E2}.Release|Any CPU.ActiveCfg = Release|Any CPU
		{F68F0937-1E5D-47A1-B54D-94F1E63CD1E2}.Release|Any CPU.Build.0 = Release|Any CPU
	EndGlobalSection
	GlobalSection(SolutionProperties) = preSolution
		HideSolutionNode = FALSE
	EndGlobalSection
	GlobalSection(ExtensibilityGlobals) = postSolution
		SolutionGuid = {ECD495A9-9F0E-4D40-B165-486C3BE838DD}
	EndGlobalSection
EndGlobal
