
Microsoft Visual Studio Solution File, Format Version 12.00
# Visual Studio Version 17
VisualStudioVersion = 17.0.31903.59
MinimumVisualStudioVersion = 10.0.40219.1
Project("{FAE04EC0-301F-11D3-BF4B-00C04F79EFBC}") = "SON", "SON\SON.csproj", "{6F9FA7CD-957D-4B83-8F15-9BC14A572367}"
EndProject
Global
	GlobalSection(SolutionConfigurationPlatforms) = preSolution
		Debug|Any CPU = Debug|Any CPU
		Release|Any CPU = Release|Any CPU
	EndGlobalSection
	GlobalSection(ProjectConfigurationPlatforms) = postSolution
		{6F9FA7CD-957D-4B83-8F15-9BC14A572367}.Debug|Any CPU.ActiveCfg = Debug|Any CPU
		{6F9FA7CD-957D-4B83-8F15-9BC14A572367}.Debug|Any CPU.Build.0 = Debug|Any CPU
		{6F9FA7CD-957D-4B83-8F15-9BC14A572367}.Release|Any CPU.ActiveCfg = Release|Any CPU
		{6F9FA7CD-957D-4B83-8F15-9BC14A572367}.Release|Any CPU.Build.0 = Release|Any CPU
	EndGlobalSection
	GlobalSection(SolutionProperties) = preSolution
		HideSolutionNode = FALSE
	EndGlobalSection
	GlobalSection(ExtensibilityGlobals) = postSolution
		SolutionGuid = {680F7692-950B-4B9F-9A19-8922BFA88532}
	EndGlobalSection
EndGlobal
