
Microsoft Visual Studio Solution File, Format Version 12.00
# Visual Studio Version 16
VisualStudioVersion = 16.0.31205.134
MinimumVisualStudioVersion = 10.0.40219.1
Project("{FAE04EC0-301F-11D3-BF4B-00C04F79EFBC}") = "Map", "Map\Map.csproj", "{CBD07C0C-49DC-481A-86B0-427226FA1892}"
EndProject
Global
	GlobalSection(SolutionConfigurationPlatforms) = preSolution
		Debug|Any CPU = Debug|Any CPU
		Release|Any CPU = Release|Any CPU
	EndGlobalSection
	GlobalSection(ProjectConfigurationPlatforms) = postSolution
		{CBD07C0C-49DC-481A-86B0-427226FA1892}.Debug|Any CPU.ActiveCfg = Debug|Any CPU
		{CBD07C0C-49DC-481A-86B0-427226FA1892}.Debug|Any CPU.Build.0 = Debug|Any CPU
		{CBD07C0C-49DC-481A-86B0-427226FA1892}.Release|Any CPU.ActiveCfg = Release|Any CPU
		{CBD07C0C-49DC-481A-86B0-427226FA1892}.Release|Any CPU.Build.0 = Release|Any CPU
	EndGlobalSection
	GlobalSection(SolutionProperties) = preSolution
		HideSolutionNode = FALSE
	EndGlobalSection
	GlobalSection(ExtensibilityGlobals) = postSolution
		SolutionGuid = {9BBF4679-3E37-447B-B03C-E3611181CB3B}
	EndGlobalSection
EndGlobal
